Microsoft Visual Studio Solution File, Format Version 12.00
# Visual Studio Version 18
VisualStudioVersion = 18.1.11312.151
MinimumVisualStudioVersion = 10.0.40219.1
Project("{FAE04EC0-301F-11D3-BF4B-00C04F79EFBC}") = "clAuthorizeCC", "clAuthorizeCC.csproj", "{20AF61C4-07B2-43C6-A23F-77DE997AEAB4}"
EndProject
Project("{FAE04EC0-301F-11D3-BF4B-00C04F79EFBC}") = "ConsoleApp", "ConsoleApp\ConsoleApp\ConsoleApp.csproj", "{C9980863-2707-4CCA-AF2A-C796579657C5}"
EndProject
Global
	GlobalSection(SolutionConfigurationPlatforms) = preSolution
		Debug|Any CPU = Debug|Any CPU
		Release|Any CPU = Release|Any CPU
	EndGlobalSection
	GlobalSection(ProjectConfigurationPlatforms) = postSolution
		{20AF61C4-07B2-43C6-A23F-77DE997AEAB4}.Debug|Any CPU.ActiveCfg = Debug|Any CPU
		{20AF61C4-07B2-43C6-A23F-77DE997AEAB4}.Debug|Any CPU.Build.0 = Debug|Any CPU
		{20AF61C4-07B2-43C6-A23F-77DE997AEAB4}.Release|Any CPU.ActiveCfg = Release|Any CPU
		{20AF61C4-07B2-43C6-A23F-77DE997AEAB4}.Release|Any CPU.Build.0 = Release|Any CPU
		{C9980863-2707-4CCA-AF2A-C796579657C5}.Debug|Any CPU.ActiveCfg = Debug|Any CPU
		{C9980863-2707-4CCA-AF2A-C796579657C5}.Debug|Any CPU.Build.0 = Debug|Any CPU
		{C9980863-2707-4CCA-AF2A-C796579657C5}.Release|Any CPU.ActiveCfg = Release|Any CPU
		{C9980863-2707-4CCA-AF2A-C796579657C5}.Release|Any CPU.Build.0 = Release|Any CPU
	EndGlobalSection
	GlobalSection(SolutionProperties) = preSolution
		HideSolutionNode = FALSE
	EndGlobalSection
	GlobalSection(ExtensibilityGlobals) = postSolution
		SolutionGuid = {593E0821-01CC-417B-B5FA-2FD59D04D131}
	EndGlobalSection
EndGlobal
